install_requires = [ "dataclasses==0.8", "setuptools==53.0.0", "toml==0.10.2", "wheel==0.36.2",]

[extras_require]
cli = [ "build==0.1.0", "click==7.1.2", "importlib-metadata==3.4.0", "importlib-resources==5.1.0", "packaging==20.9", "pep517==0.9.1", "pip==21.0.1", "pyparsing==2.4.7", "shiv==0.1.3", "typing-extensions==3.7.4.3", "zipp==3.4.0",]
